
Microsoft Visual Studio Solution File, Format Version 12.00
# Visual Studio Version 17
VisualStudioVersion = 17.8.34330.188
MinimumVisualStudioVersion = 10.0.40219.1
Project("{FAE04EC0-301F-11D3-BF4B-00C04F79EFBC}") = "pryLopezSantiagoLab2", "pryLopezSantiagoLab2.csproj", "{4F9D52FF-E9DB-424A-9CE5-FA03BB69FCBB}"
EndProject
Global
	GlobalSection(SolutionConfigurationPlatforms) = preSolution
		Debug|Any CPU = Debug|Any CPU
		Release|Any CPU = Release|Any CPU
	EndGlobalSection
	GlobalSection(ProjectConfigurationPlatforms) = postSolution
		{4F9D52FF-E9DB-424A-9CE5-FA03BB69FCBB}.Debug|Any CPU.ActiveCfg = Debug|Any CPU
		{4F9D52FF-E9DB-424A-9CE5-FA03BB69FCBB}.Debug|Any CPU.Build.0 = Debug|Any CPU
		{4F9D52FF-E9DB-424A-9CE5-FA03BB69FCBB}.Release|Any CPU.ActiveCfg = Release|Any CPU
		{4F9D52FF-E9DB-424A-9CE5-FA03BB69FCBB}.Release|Any CPU.Build.0 = Release|Any CPU
	EndGlobalSection
	GlobalSection(SolutionProperties) = preSolution
		HideSolutionNode = FALSE
	EndGlobalSection
	GlobalSection(ExtensibilityGlobals) = postSolution
		SolutionGuid = {0A034B9D-E0AB-4E6A-8C7A-0A085CB72F4D}
	EndGlobalSection
EndGlobal
